
Microsoft Visual Studio Solution File, Format Version 12.00
# Visual Studio 2012
Project("{FAE04EC0-301F-11D3-BF4B-00C04F79EFBC}") = "BLL", "BLL\BLL.csproj", "{C7F3723E-ABE9-4DDE-9F61-4FED453AF776}"
EndProject
Project("{FAE04EC0-301F-11D3-BF4B-00C04F79EFBC}") = "DAL", "DAL\DAL.csproj", "{9ED78B7A-04B5-4668-A380-6B4C9DB6AFF3}"
EndProject
Project("{FAE04EC0-301F-11D3-BF4B-00C04F79EFBC}") = "UTILITIES", "UTILITIES\UTILITIES.csproj", "{F964C90A-F4C0-4149-A7CD-4F6922436947}"
EndProject
Project("{FAE04EC0-301F-11D3-BF4B-00C04F79EFBC}") = "ASADAS", "ASADAS\ASADAS.csproj", "{4F7FB20A-8473-4E28-A184-F9E68BA100C3}"
EndProject
Project("{FAE04EC0-301F-11D3-BF4B-00C04F79EFBC}") = "WebASADAS", "WebASADAS\WebASADAS.csproj", "{5A8A68A7-2150-4332-8BCC-6C18AF6DAD7E}"
EndProject
Global
	GlobalSection(SolutionConfigurationPlatforms) = preSolution
		Debug|Any CPU = Debug|Any CPU
		Release|Any CPU = Release|Any CPU
	EndGlobalSection
	GlobalSection(ProjectConfigurationPlatforms) = postSolution
		{C7F3723E-ABE9-4DDE-9F61-4FED453AF776}.Debug|Any CPU.ActiveCfg = Debug|Any CPU
		{C7F3723E-ABE9-4DDE-9F61-4FED453AF776}.Debug|Any CPU.Build.0 = Debug|Any CPU
		{C7F3723E-ABE9-4DDE-9F61-4FED453AF776}.Release|Any CPU.ActiveCfg = Release|Any CPU
		{C7F3723E-ABE9-4DDE-9F61-4FED453AF776}.Release|Any CPU.Build.0 = Release|Any CPU
		{9ED78B7A-04B5-4668-A380-6B4C9DB6AFF3}.Debug|Any CPU.ActiveCfg = Debug|Any CPU
		{9ED78B7A-04B5-4668-A380-6B4C9DB6AFF3}.Debug|Any CPU.Build.0 = Debug|Any CPU
		{9ED78B7A-04B5-4668-A380-6B4C9DB6AFF3}.Release|Any CPU.ActiveCfg = Release|Any CPU
		{9ED78B7A-04B5-4668-A380-6B4C9DB6AFF3}.Release|Any CPU.Build.0 = Release|Any CPU
		{F964C90A-F4C0-4149-A7CD-4F6922436947}.Debug|Any CPU.ActiveCfg = Debug|Any CPU
		{F964C90A-F4C0-4149-A7CD-4F6922436947}.Debug|Any CPU.Build.0 = Debug|Any CPU
		{F964C90A-F4C0-4149-A7CD-4F6922436947}.Release|Any CPU.ActiveCfg = Release|Any CPU
		{F964C90A-F4C0-4149-A7CD-4F6922436947}.Release|Any CPU.Build.0 = Release|Any CPU
		{4F7FB20A-8473-4E28-A184-F9E68BA100C3}.Debug|Any CPU.ActiveCfg = Debug|Any CPU
		{4F7FB20A-8473-4E28-A184-F9E68BA100C3}.Debug|Any CPU.Build.0 = Debug|Any CPU
		{4F7FB20A-8473-4E28-A184-F9E68BA100C3}.Release|Any CPU.ActiveCfg = Release|Any CPU
		{4F7FB20A-8473-4E28-A184-F9E68BA100C3}.Release|Any CPU.Build.0 = Release|Any CPU
		{5A8A68A7-2150-4332-8BCC-6C18AF6DAD7E}.Debug|Any CPU.ActiveCfg = Debug|Any CPU
		{5A8A68A7-2150-4332-8BCC-6C18AF6DAD7E}.Debug|Any CPU.Build.0 = Debug|Any CPU
		{5A8A68A7-2150-4332-8BCC-6C18AF6DAD7E}.Release|Any CPU.ActiveCfg = Release|Any CPU
		{5A8A68A7-2150-4332-8BCC-6C18AF6DAD7E}.Release|Any CPU.Build.0 = Release|Any CPU
	EndGlobalSection
	GlobalSection(SolutionProperties) = preSolution
		HideSolutionNode = FALSE
	EndGlobalSection
EndGlobal
